PODS:
  - CocoaLumberjack (3.6.0):
    - CocoaLumberjack/Core (= 3.6.0)
  - CocoaLumberjack/Core (3.6.0)
  - ExLogSDK (0.1.1):
    - CocoaLumberjack
    - MGJRouter
  - MGJRouter (0.10.0)

DEPENDENCIES:
  - CocoaLumberjack
  - ExLogSDK (from `../`)

SPEC REPOS:
  https://github.com/cocoapods/specs.git:
    - CocoaLumberjack
    - MGJRouter

EXTERNAL SOURCES:
  ExLogSDK:
    :path: "../"

SPEC CHECKSUMS:
  CocoaLumberjack: 78b0c238666f4f58db069738ec176f4519557516
  ExLogSDK: f3d0ce641a8bc8076238e7a2d5a5fa1d4702bb11
  MGJRouter: 15d94541eb2cc81eff7d577337288feb7ae9575f

PODFILE CHECKSUM: e370a5e37dc5777c13dc781306442b138fd257c8

COCOAPODS: 1.7.0
